
Microsoft Visual Studio Solution File, Format Version 12.00
# Visual Studio Version 16
VisualStudioVersion = 16.0.31402.337
MinimumVisualStudioVersion = 10.0.40219.1
Project("{FAE04EC0-301F-11D3-BF4B-00C04F79EFBC}") = "HotKeyRepeat", "HotKeyRepeat.csproj", "{A98B7DAB-EF8A-4A89-AB13-968A83DF928E}"
EndProject
Global
	GlobalSection(SolutionConfigurationPlatforms) = preSolution
		Debug|Any CPU = Debug|Any CPU
		Release|Any CPU = Release|Any CPU
	EndGlobalSection
	GlobalSection(ProjectConfigurationPlatforms) = postSolution
		{A98B7DAB-EF8A-4A89-AB13-968A83DF928E}.Debug|Any CPU.ActiveCfg = Debug|Any CPU
		{A98B7DAB-EF8A-4A89-AB13-968A83DF928E}.Debug|Any CPU.Build.0 = Debug|Any CPU
		{A98B7DAB-EF8A-4A89-AB13-968A83DF928E}.Release|Any CPU.ActiveCfg = Release|Any CPU
		{A98B7DAB-EF8A-4A89-AB13-968A83DF928E}.Release|Any CPU.Build.0 = Release|Any CPU
	EndGlobalSection
	GlobalSection(SolutionProperties) = preSolution
		HideSolutionNode = FALSE
	EndGlobalSection
	GlobalSection(ExtensibilityGlobals) = postSolution
		SolutionGuid = {1FF78FC7-E8C5-4818-B1BE-43203D1ABEC0}
	EndGlobalSection
EndGlobal
